
Microsoft Visual Studio Solution File, Format Version 12.00
# Visual Studio Version 17
VisualStudioVersion = 17.4.33110.190
MinimumVisualStudioVersion = 10.0.40219.1
Project("{FAE04EC0-301F-11D3-BF4B-00C04F79EFBC}") = "Hospedagem", "Hospedagem\Hospedagem.csproj", "{8460CE24-B0E9-411A-A2CA-6EE8AF146FEE}"
EndProject
Global
	GlobalSection(SolutionConfigurationPlatforms) = preSolution
		Debug|Any CPU = Debug|Any CPU
		Release|Any CPU = Release|Any CPU
	EndGlobalSection
	GlobalSection(ProjectConfigurationPlatforms) = postSolution
		{8460CE24-B0E9-411A-A2CA-6EE8AF146FEE}.Debug|Any CPU.ActiveCfg = Debug|Any CPU
		{8460CE24-B0E9-411A-A2CA-6EE8AF146FEE}.Debug|Any CPU.Build.0 = Debug|Any CPU
		{8460CE24-B0E9-411A-A2CA-6EE8AF146FEE}.Release|Any CPU.ActiveCfg = Release|Any CPU
		{8460CE24-B0E9-411A-A2CA-6EE8AF146FEE}.Release|Any CPU.Build.0 = Release|Any CPU
	EndGlobalSection
	GlobalSection(SolutionProperties) = preSolution
		HideSolutionNode = FALSE
	EndGlobalSection
	GlobalSection(ExtensibilityGlobals) = postSolution
		SolutionGuid = {0D71F64C-30AD-4046-9696-0A35B1543993}
	EndGlobalSection
EndGlobal
